
Microsoft Visual Studio Solution File, Format Version 12.00
# Visual Studio Version 17
VisualStudioVersion = 17.8.34525.116
MinimumVisualStudioVersion = 10.0.40219.1
Project("{FAE04EC0-301F-11D3-BF4B-00C04F79EFBC}") = "Day1", "Day1\Day1.csproj", "{1E054C57-04CE-4FBB-B592-3E4503983549}"
EndProject
Project("{FAE04EC0-301F-11D3-BF4B-00C04F79EFBC}") = "Common", "Common\Common.csproj", "{01D33FDE-BE4D-49CA-A70A-408BE4F80EE3}"
EndProject
Project("{FAE04EC0-301F-11D3-BF4B-00C04F79EFBC}") = "Day2", "Day2\Day2.csproj", "{4D30543C-C4D3-4EAF-9FF9-8797B53CABC1}"
EndProject
Project("{FAE04EC0-301F-11D3-BF4B-00C04F79EFBC}") = "Day3", "Day3\Day3.csproj", "{C1FCC8D4-5A0D-4848-A230-D332D9D3379B}"
EndProject
Global
	GlobalSection(SolutionConfigurationPlatforms) = preSolution
		Debug|Any CPU = Debug|Any CPU
		Release|Any CPU = Release|Any CPU
	EndGlobalSection
	GlobalSection(ProjectConfigurationPlatforms) = postSolution
		{1E054C57-04CE-4FBB-B592-3E4503983549}.Debug|Any CPU.ActiveCfg = Debug|Any CPU
		{1E054C57-04CE-4FBB-B592-3E4503983549}.Debug|Any CPU.Build.0 = Debug|Any CPU
		{1E054C57-04CE-4FBB-B592-3E4503983549}.Release|Any CPU.ActiveCfg = Release|Any CPU
		{1E054C57-04CE-4FBB-B592-3E4503983549}.Release|Any CPU.Build.0 = Release|Any CPU
		{01D33FDE-BE4D-49CA-A70A-408BE4F80EE3}.Debug|Any CPU.ActiveCfg = Debug|Any CPU
		{01D33FDE-BE4D-49CA-A70A-408BE4F80EE3}.Debug|Any CPU.Build.0 = Debug|Any CPU
		{01D33FDE-BE4D-49CA-A70A-408BE4F80EE3}.Release|Any CPU.ActiveCfg = Release|Any CPU
		{01D33FDE-BE4D-49CA-A70A-408BE4F80EE3}.Release|Any CPU.Build.0 = Release|Any CPU
		{4D30543C-C4D3-4EAF-9FF9-8797B53CABC1}.Debug|Any CPU.ActiveCfg = Debug|Any CPU
		{4D30543C-C4D3-4EAF-9FF9-8797B53CABC1}.Debug|Any CPU.Build.0 = Debug|Any CPU
		{4D30543C-C4D3-4EAF-9FF9-8797B53CABC1}.Release|Any CPU.ActiveCfg = Release|Any CPU
		{4D30543C-C4D3-4EAF-9FF9-8797B53CABC1}.Release|Any CPU.Build.0 = Release|Any CPU
		{C1FCC8D4-5A0D-4848-A230-D332D9D3379B}.Debug|Any CPU.ActiveCfg = Debug|Any CPU
		{C1FCC8D4-5A0D-4848-A230-D332D9D3379B}.Debug|Any CPU.Build.0 = Debug|Any CPU
		{C1FCC8D4-5A0D-4848-A230-D332D9D3379B}.Release|Any CPU.ActiveCfg = Release|Any CPU
		{C1FCC8D4-5A0D-4848-A230-D332D9D3379B}.Release|Any CPU.Build.0 = Release|Any CPU
	EndGlobalSection
	GlobalSection(SolutionProperties) = preSolution
		HideSolutionNode = FALSE
	EndGlobalSection
	GlobalSection(ExtensibilityGlobals) = postSolution
		SolutionGuid = {6C35A40F-A1CB-4518-B033-FA2759B101E3}
	EndGlobalSection
EndGlobal
